
Microsoft Visual Studio Solution File, Format Version 12.00
# Visual Studio Version 16
VisualStudioVersion = 16.0.31205.134
MinimumVisualStudioVersion = 10.0.40219.1
Project("{FAE04EC0-301F-11D3-BF4B-00C04F79EFBC}") = "Bai 1", "AssignMent8\Bai 1.csproj", "{DB2461F8-BBA3-4CB5-A07A-CE19A928C406}"
EndProject
Project("{FAE04EC0-301F-11D3-BF4B-00C04F79EFBC}") = "Bai2", "Bai2\Bai2.csproj", "{9D380DFB-EA9C-40C7-BE07-2E19554A1753}"
EndProject
Global
	GlobalSection(SolutionConfigurationPlatforms) = preSolution
		Debug|Any CPU = Debug|Any CPU
		Release|Any CPU = Release|Any CPU
	EndGlobalSection
	GlobalSection(ProjectConfigurationPlatforms) = postSolution
		{DB2461F8-BBA3-4CB5-A07A-CE19A928C406}.Debug|Any CPU.ActiveCfg = Debug|Any CPU
		{DB2461F8-BBA3-4CB5-A07A-CE19A928C406}.Debug|Any CPU.Build.0 = Debug|Any CPU
		{DB2461F8-BBA3-4CB5-A07A-CE19A928C406}.Release|Any CPU.ActiveCfg = Release|Any CPU
		{DB2461F8-BBA3-4CB5-A07A-CE19A928C406}.Release|Any CPU.Build.0 = Release|Any CPU
		{9D380DFB-EA9C-40C7-BE07-2E19554A1753}.Debug|Any CPU.ActiveCfg = Debug|Any CPU
		{9D380DFB-EA9C-40C7-BE07-2E19554A1753}.Debug|Any CPU.Build.0 = Debug|Any CPU
		{9D380DFB-EA9C-40C7-BE07-2E19554A1753}.Release|Any CPU.ActiveCfg = Release|Any CPU
		{9D380DFB-EA9C-40C7-BE07-2E19554A1753}.Release|Any CPU.Build.0 = Release|Any CPU
	EndGlobalSection
	GlobalSection(SolutionProperties) = preSolution
		HideSolutionNode = FALSE
	EndGlobalSection
	GlobalSection(ExtensibilityGlobals) = postSolution
		SolutionGuid = {4B80E80C-806A-4F3B-8A5E-EDE1837B6497}
	EndGlobalSection
EndGlobal
